
Microsoft Visual Studio Solution File, Format Version 12.00
Project("{2150E333-8FDC-42A3-9474-1A3956D46DE8}") = "Data", "Data", "{1D9C836C-C45B-4CB7-BE6B-48701D12C68B}"
EndProject
Project("{FAE04EC0-301F-11D3-BF4B-00C04F79EFBC}") = "Data.EF", "Data\Data.EF\Data.EF.csproj", "{B51587CD-5857-4B47-AEA1-8F179D5A2473}"
EndProject
Project("{FAE04EC0-301F-11D3-BF4B-00C04F79EFBC}") = "Data.Dto", "Data\Data.Dto\Data.Dto.csproj", "{42535533-DBA6-4265-B594-C9D71D41A672}"
EndProject
Project("{2150E333-8FDC-42A3-9474-1A3956D46DE8}") = "Common", "Common", "{D735BDC0-5589-4EF9-8E23-C273C345FF48}"
EndProject
Project("{FAE04EC0-301F-11D3-BF4B-00C04F79EFBC}") = "Common.Bll", "Common\Common.Bll\Common.Bll.csproj", "{EDEF3E1E-6261-4D80-897D-7FB687B55639}"
EndProject
Project("{2150E333-8FDC-42A3-9474-1A3956D46DE8}") = "Applications", "Applications", "{D0B2B4B5-02B9-4AFE-ACA5-D31519E0E746}"
EndProject
Project("{FAE04EC0-301F-11D3-BF4B-00C04F79EFBC}") = "TextInterface", "Applications\TextInterface\TextInterface.csproj", "{E09634B1-D625-445F-92FD-DA43C3D92E89}"
EndProject
Project("{FAE04EC0-301F-11D3-BF4B-00C04F79EFBC}") = "Data.Infrastructure", "Data\Data.Infrastructure\Data.Infrastructure.csproj", "{073DF45F-0DE7-4A03-9523-886A3166CD66}"
EndProject
Global
	GlobalSection(SolutionConfigurationPlatforms) = preSolution
		Debug|Any CPU = Debug|Any CPU
		Release|Any CPU = Release|Any CPU
	EndGlobalSection
	GlobalSection(NestedProjects) = preSolution
		{B51587CD-5857-4B47-AEA1-8F179D5A2473} = {1D9C836C-C45B-4CB7-BE6B-48701D12C68B}
		{42535533-DBA6-4265-B594-C9D71D41A672} = {1D9C836C-C45B-4CB7-BE6B-48701D12C68B}
		{EDEF3E1E-6261-4D80-897D-7FB687B55639} = {D735BDC0-5589-4EF9-8E23-C273C345FF48}
		{E09634B1-D625-445F-92FD-DA43C3D92E89} = {D0B2B4B5-02B9-4AFE-ACA5-D31519E0E746}
		{073DF45F-0DE7-4A03-9523-886A3166CD66} = {1D9C836C-C45B-4CB7-BE6B-48701D12C68B}
	EndGlobalSection
	GlobalSection(ProjectConfigurationPlatforms) = postSolution
		{B51587CD-5857-4B47-AEA1-8F179D5A2473}.Debug|Any CPU.ActiveCfg = Debug|Any CPU
		{B51587CD-5857-4B47-AEA1-8F179D5A2473}.Debug|Any CPU.Build.0 = Debug|Any CPU
		{B51587CD-5857-4B47-AEA1-8F179D5A2473}.Release|Any CPU.ActiveCfg = Release|Any CPU
		{B51587CD-5857-4B47-AEA1-8F179D5A2473}.Release|Any CPU.Build.0 = Release|Any CPU
		{42535533-DBA6-4265-B594-C9D71D41A672}.Debug|Any CPU.ActiveCfg = Debug|Any CPU
		{42535533-DBA6-4265-B594-C9D71D41A672}.Debug|Any CPU.Build.0 = Debug|Any CPU
		{42535533-DBA6-4265-B594-C9D71D41A672}.Release|Any CPU.ActiveCfg = Release|Any CPU
		{42535533-DBA6-4265-B594-C9D71D41A672}.Release|Any CPU.Build.0 = Release|Any CPU
		{EDEF3E1E-6261-4D80-897D-7FB687B55639}.Debug|Any CPU.ActiveCfg = Debug|Any CPU
		{EDEF3E1E-6261-4D80-897D-7FB687B55639}.Debug|Any CPU.Build.0 = Debug|Any CPU
		{EDEF3E1E-6261-4D80-897D-7FB687B55639}.Release|Any CPU.ActiveCfg = Release|Any CPU
		{EDEF3E1E-6261-4D80-897D-7FB687B55639}.Release|Any CPU.Build.0 = Release|Any CPU
		{E09634B1-D625-445F-92FD-DA43C3D92E89}.Debug|Any CPU.ActiveCfg = Debug|Any CPU
		{E09634B1-D625-445F-92FD-DA43C3D92E89}.Debug|Any CPU.Build.0 = Debug|Any CPU
		{E09634B1-D625-445F-92FD-DA43C3D92E89}.Release|Any CPU.ActiveCfg = Release|Any CPU
		{E09634B1-D625-445F-92FD-DA43C3D92E89}.Release|Any CPU.Build.0 = Release|Any CPU
		{073DF45F-0DE7-4A03-9523-886A3166CD66}.Debug|Any CPU.ActiveCfg = Debug|Any CPU
		{073DF45F-0DE7-4A03-9523-886A3166CD66}.Debug|Any CPU.Build.0 = Debug|Any CPU
		{073DF45F-0DE7-4A03-9523-886A3166CD66}.Release|Any CPU.ActiveCfg = Release|Any CPU
		{073DF45F-0DE7-4A03-9523-886A3166CD66}.Release|Any CPU.Build.0 = Release|Any CPU
	EndGlobalSection
EndGlobal
